// !$*UTF8*$!
{
	archiveVersion = 1;
	classes = {
	};
	objectVersion = 56;
	objects = {

/* Begin PBXBuildFile section */
		B264F8CC2938288B00E94F9D /* cisc_225_awedchatApp.swift in Sources */ = {isa = PBXBuildFile; fileRef = B264F8CB2938288B00E94F9D /* cisc_225_awedchatApp.swift */; };
		B264F8CE2938288B00E94F9D /* ContentView.swift in Sources */ = {isa = PBXBuildFile; fileRef = B264F8CD2938288B00E94F9D /* ContentView.swift */; };
		B264F8D02938288D00E94F9D /* Assets.xcassets in Resources */ = {isa = PBXBuildFile; fileRef = B264F8CF2938288D00E94F9D /* Assets.xcassets */; };
		B264F8D32938288D00E94F9D /* Preview Assets.xcassets in Resources */ = {isa = PBXBuildFile; fileRef = B264F8D22938288D00E94F9D /* Preview Assets.xcassets */; };
		B264F8DB29382B5C00E94F9D /* TitleRow .swift in Sources */ = {isa = PBXBuildFile; fileRef = B264F8DA29382B5C00E94F9D /* TitleRow .swift */; };
		B264F8DE29383AD700E94F9D /* Message.swift in Sources */ = {isa = PBXBuildFile; fileRef = B264F8DD29383AD700E94F9D /* Message.swift */; };
		B264F8E029383B7F00E94F9D /* MessageBubble.swift in Sources */ = {isa = PBXBuildFile; fileRef = B264F8DF29383B7F00E94F9D /* MessageBubble.swift */; };
		B264F8E22938490100E94F9D /* Extentions .swift in Sources */ = {isa = PBXBuildFile; fileRef = B264F8E12938490100E94F9D /* Extentions .swift */; };
		B29CDEC329394BAF002A6013 /* MessageField.swift in Sources */ = {isa = PBXBuildFile; fileRef = B29CDEC229394BAF002A6013 /* MessageField.swift */; };
		B29CDEC52939581A002A6013 /* GoogleService-Info.plist in Resources */ = {isa = PBXBuildFile; fileRef = B29CDEC42939581A002A6013 /* GoogleService-Info.plist */; };
		B29CDEC829395987002A6013 /* FirebaseFirestore in Frameworks */ = {isa = PBXBuildFile; productRef = B29CDEC729395987002A6013 /* FirebaseFirestore */; };
		B29CDECA29395987002A6013 /* FirebaseFirestoreSwift in Frameworks */ = {isa = PBXBuildFile; productRef = B29CDEC929395987002A6013 /* FirebaseFirestoreSwift */; };
		B29CDECC293AAB87002A6013 /* MessagesManager.swift in Sources */ = {isa = PBXBuildFile; fileRef = B29CDECB293AAB87002A6013 /* MessagesManager.swift */; };
		B29CDED4293AD2DD002A6013 /* AuthenticationServices.framework in Frameworks */ = {isa = PBXBuildFile; fileRef = B29CDED3293AD2DC002A6013 /* AuthenticationServices.framework */; };
		B29CDED7293AD2DD002A6013 /* AccountAuthenticationModificationViewController.swift in Sources */ = {isa = PBXBuildFile; fileRef = B29CDED6293AD2DD002A6013 /* AccountAuthenticationModificationViewController.swift */; };
		B29CDEDA293AD2DD002A6013 /* MainInterface.storyboard in Resources */ = {isa = PBXBuildFile; fileRef = B29CDED8293AD2DD002A6013 /* MainInterface.storyboard */; };
		B29CDEDE293AD2DD002A6013 /* awedchat.appex in Embed Foundation Extensions */ = {isa = PBXBuildFile; fileRef = B29CDED1293AD2DC002A6013 /* awedchat.appex */; settings = {ATTRIBUTES = (RemoveHeadersOnCopy, ); }; };
/* End PBXBuildFile section */

/* Begin PBXContainerItemProxy section */
		B29CDEDC293AD2DD002A6013 /* PBXContainerItemProxy */ = {
			isa = PBXContainerItemProxy;
			containerPortal = B264F8C02938288B00E94F9D /* Project object */;
			proxyType = 1;
			remoteGlobalIDString = B29CDED0293AD2DC002A6013;
			remoteInfo = awedchat;
		};
/* End PBXContainerItemProxy section */

/* Begin PBXCopyFilesBuildPhase section */
		B29CDEE2293AD2DD002A6013 /* Embed Foundation Extensions */ = {
			isa = PBXCopyFilesBuildPhase;
			buildActionMask = 2147483647;
			dstPath = "";
			dstSubfolderSpec = 13;
			files = (
				B29CDEDE293AD2DD002A6013 /* awedchat.appex in Embed Foundation Extensions */,
			);
			name = "Embed Foundation Extensions";
			runOnlyForDeploymentPostprocessing = 0;
		};
/* End PBXCopyFilesBuildPhase section */

/* Begin PBXFileReference section */
		B264F8C82938288B00E94F9D /* cisc_225_awedchat.app */ = {isa = PBXFileReference; explicitFileType = wrapper.application; includeInIndex = 0; path = cisc_225_awedchat.app; sourceTree = BUILT_PRODUCTS_DIR; };
		B264F8CB2938288B00E94F9D /* cisc_225_awedchatApp.swift */ = {isa = PBXFileReference; lastKnownFileType = sourcecode.swift; path = cisc_225_awedchatApp.swift; sourceTree = "<group>"; };
		B264F8CD2938288B00E94F9D /* ContentView.swift */ = {isa = PBXFileReference; lastKnownFileType = sourcecode.swift; path = ContentView.swift; sourceTree = "<group>"; };
		B264F8CF2938288D00E94F9D /* Assets.xcassets */ = {isa = PBXFileReference; lastKnownFileType = folder.assetcatalog; path = Assets.xcassets; sourceTree = "<group>"; };
		B264F8D22938288D00E94F9D /* Preview Assets.xcassets */ = {isa = PBXFileReference; lastKnownFileType = folder.assetcatalog; path = "Preview Assets.xcassets"; sourceTree = "<group>"; };
		B264F8DA29382B5C00E94F9D /* TitleRow .swift */ = {isa = PBXFileReference; lastKnownFileType = sourcecode.swift; path = "TitleRow .swift"; sourceTree = "<group>"; };
		B264F8DD29383AD700E94F9D /* Message.swift */ = {isa = PBXFileReference; lastKnownFileType = sourcecode.swift; path = Message.swift; sourceTree = "<group>"; };
		B264F8DF29383B7F00E94F9D /* MessageBubble.swift */ = {isa = PBXFileReference; lastKnownFileType = sourcecode.swift; path = MessageBubble.swift; sourceTree = "<group>"; };
		B264F8E12938490100E94F9D /* Extentions .swift */ = {isa = PBXFileReference; lastKnownFileType = sourcecode.swift; path = "Extentions .swift"; sourceTree = "<group>"; };
		B29CDEC229394BAF002A6013 /* MessageField.swift */ = {isa = PBXFileReference; lastKnownFileType = sourcecode.swift; path = MessageField.swift; sourceTree = "<group>"; };
		B29CDEC42939581A002A6013 /* GoogleService-Info.plist */ = {isa = PBXFileReference; fileEncoding = 4; lastKnownFileType = text.plist.xml; name = "GoogleService-Info.plist"; path = "../../../../Downloads/GoogleService-Info.plist"; sourceTree = "<group>"; };
		B29CDECB293AAB87002A6013 /* MessagesManager.swift */ = {isa = PBXFileReference; lastKnownFileType = sourcecode.swift; path = MessagesManager.swift; sourceTree = "<group>"; };
		B29CDED1293AD2DC002A6013 /* awedchat.appex */ = {isa = PBXFileReference; explicitFileType = "wrapper.app-extension"; includeInIndex = 0; path = awedchat.appex; sourceTree = BUILT_PRODUCTS_DIR; };
		B29CDED3293AD2DC002A6013 /* AuthenticationServices.framework */ = {isa = PBXFileReference; lastKnownFileType = wrapper.framework; name = AuthenticationServices.framework; path = System/Library/Frameworks/AuthenticationServices.framework; sourceTree = SDKROOT; };
		B29CDED6293AD2DD002A6013 /* AccountAuthenticationModificationViewController.swift */ = {isa = PBXFileReference; lastKnownFileType = sourcecode.swift; path = AccountAuthenticationModificationViewController.swift; sourceTree = "<group>"; };
		B29CDED9293AD2DD002A6013 /* Base */ = {isa = PBXFileReference; lastKnownFileType = file.storyboard; name = Base; path = Base.lproj/MainInterface.storyboard; sourceTree = "<group>"; };
		B29CDEDB293AD2DD002A6013 /* Info.plist */ = {isa = PBXFileReference; lastKnownFileType = text.plist.xml; path = Info.plist; sourceTree = "<group>"; };
		B29CDEE3293AD30D002A6013 /* awedchat.entitlements */ = {isa = PBXFileReference; lastKnownFileType = text.plist.entitlements; path = awedchat.entitlements; sourceTree = "<group>"; };
/* End PBXFileReference section */

/* Begin PBXFrameworksBuildPhase section */
		B264F8C52938288B00E94F9D /* Frameworks */ = {
			isa = PBXFrameworksBuildPhase;
			buildActionMask = 2147483647;
			files = (
				B29CDEC829395987002A6013 /* FirebaseFirestore in Frameworks */,
				B29CDECA29395987002A6013 /* FirebaseFirestoreSwift in Frameworks */,
			);
			runOnlyForDeploymentPostprocessing = 0;
		};
		B29CDECE293AD2DC002A6013 /* Frameworks */ = {
			isa = PBXFrameworksBuildPhase;
			buildActionMask = 2147483647;
			files = (
				B29CDED4293AD2DD002A6013 /* AuthenticationServices.framework in Frameworks */,
			);
			runOnlyForDeploymentPostprocessing = 0;
		};
/* End PBXFrameworksBuildPhase section */

/* Begin PBXGroup section */
		B264F8BF2938288B00E94F9D = {
			isa = PBXGroup;
			children = (
				B264F8CA2938288B00E94F9D /* cisc_225_awedchat */,
				B29CDED5293AD2DD002A6013 /* awedchat */,
				B29CDED2293AD2DC002A6013 /* Frameworks */,
				B264F8C92938288B00E94F9D /* Products */,
			);
			sourceTree = "<group>";
		};
		B264F8C92938288B00E94F9D /* Products */ = {
			isa = PBXGroup;
			children = (
				B264F8C82938288B00E94F9D /* cisc_225_awedchat.app */,
				B29CDED1293AD2DC002A6013 /* awedchat.appex */,
			);
			name = Products;
			sourceTree = "<group>";
		};
		B264F8CA2938288B00E94F9D /* cisc_225_awedchat */ = {
			isa = PBXGroup;
			children = (
				B264F8CB2938288B00E94F9D /* cisc_225_awedchatApp.swift */,
				B264F8CD2938288B00E94F9D /* ContentView.swift */,
				B29CDECB293AAB87002A6013 /* MessagesManager.swift */,
				B264F8E12938490100E94F9D /* Extentions .swift */,
				B29CDEC42939581A002A6013 /* GoogleService-Info.plist */,
				B264F8DC29383A8A00E94F9D /* Models */,
				B264F8D929382AF400E94F9D /* Components  */,
				B264F8CF2938288D00E94F9D /* Assets.xcassets */,
				B264F8D12938288D00E94F9D /* Preview Content */,
			);
			path = cisc_225_awedchat;
			sourceTree = "<group>";
		};
		B264F8D12938288D00E94F9D /* Preview Content */ = {
			isa = PBXGroup;
			children = (
				B264F8D22938288D00E94F9D /* Preview Assets.xcassets */,
			);
			path = "Preview Content";
			sourceTree = "<group>";
		};
		B264F8D929382AF400E94F9D /* Components  */ = {
			isa = PBXGroup;
			children = (
				B264F8DD29383AD700E94F9D /* Message.swift */,
				B264F8DA29382B5C00E94F9D /* TitleRow .swift */,
				B264F8DF29383B7F00E94F9D /* MessageBubble.swift */,
				B29CDEC229394BAF002A6013 /* MessageField.swift */,
			);
			path = "Components ";
			sourceTree = "<group>";
		};
		B264F8DC29383A8A00E94F9D /* Models */ = {
			isa = PBXGroup;
			children = (
			);
			path = Models;
			sourceTree = "<group>";
		};
		B29CDED2293AD2DC002A6013 /* Frameworks */ = {
			isa = PBXGroup;
			children = (
				B29CDED3293AD2DC002A6013 /* AuthenticationServices.framework */,
			);
			name = Frameworks;
			sourceTree = "<group>";
		};
		B29CDED5293AD2DD002A6013 /* awedchat */ = {
			isa = PBXGroup;
			children = (
				B29CDEE3293AD30D002A6013 /* awedchat.entitlements */,
				B29CDED6293AD2DD002A6013 /* AccountAuthenticationModificationViewController.swift */,
				B29CDED8293AD2DD002A6013 /* MainInterface.storyboard */,
				B29CDEDB293AD2DD002A6013 /* Info.plist */,
			);
			path = awedchat;
			sourceTree = "<group>";
		};
/* End PBXGroup section */

/* Begin PBXNativeTarget section */
		B264F8C72938288B00E94F9D /* cisc_225_awedchat */ = {
			isa = PBXNativeTarget;
			buildConfigurationList = B264F8D62938288D00E94F9D /* Build configuration list for PBXNativeTarget "cisc_225_awedchat" */;
			buildPhases = (
				B264F8C42938288B00E94F9D /* Sources */,
				B264F8C52938288B00E94F9D /* Frameworks */,
				B264F8C62938288B00E94F9D /* Resources */,
				B29CDEE2293AD2DD002A6013 /* Embed Foundation Extensions */,
			);
			buildRules = (
			);
			dependencies = (
				B29CDEDD293AD2DD002A6013 /* PBXTargetDependency */,
			);
			name = cisc_225_awedchat;
			packageProductDependencies = (
				B29CDEC729395987002A6013 /* FirebaseFirestore */,
				B29CDEC929395987002A6013 /* FirebaseFirestoreSwift */,
			);
			productName = cisc_225_awedchat;
			productReference = B264F8C82938288B00E94F9D /* cisc_225_awedchat.app */;
			productType = "com.apple.product-type.application";
		};
		B29CDED0293AD2DC002A6013 /* awedchat */ = {
			isa = PBXNativeTarget;
			buildConfigurationList = B29CDEDF293AD2DD002A6013 /* Build configuration list for PBXNativeTarget "awedchat" */;
			buildPhases = (
				B29CDECD293AD2DC002A6013 /* Sources */,
				B29CDECE293AD2DC002A6013 /* Frameworks */,
				B29CDECF293AD2DC002A6013 /* Resources */,
			);
			buildRules = (
			);
			dependencies = (
			);
			name = awedchat;
			productName = awedchat;
			productReference = B29CDED1293AD2DC002A6013 /* awedchat.appex */;
			productType = "com.apple.product-type.app-extension";
		};
/* End PBXNativeTarget section */

/* Begin PBXProject section */
		B264F8C02938288B00E94F9D /* Project object */ = {
			isa = PBXProject;
			attributes = {
				BuildIndependentTargetsInParallel = 1;
				LastSwiftUpdateCheck = 1410;
				LastUpgradeCheck = 1410;
				TargetAttributes = {
					B264F8C72938288B00E94F9D = {
						CreatedOnToolsVersion = 14.1;
					};
					B29CDED0293AD2DC002A6013 = {
						CreatedOnToolsVersion = 14.1;
					};
				};
			};
			buildConfigurationList = B264F8C32938288B00E94F9D /* Build configuration list for PBXProject "cisc_225_awedchat" */;
			compatibilityVersion = "Xcode 14.0";
			developmentRegion = en;
			hasScannedForEncodings = 0;
			knownRegions = (
				en,
				Base,
			);
			mainGroup = B264F8BF2938288B00E94F9D;
			packageReferences = (
				B29CDEC629395987002A6013 /* XCRemoteSwiftPackageReference "firebase-ios-sdk" */,
			);
			productRefGroup = B264F8C92938288B00E94F9D /* Products */;
			projectDirPath = "";
			projectRoot = "";
			targets = (
				B264F8C72938288B00E94F9D /* cisc_225_awedchat */,
				B29CDED0293AD2DC002A6013 /* awedchat */,
			);
		};
/* End PBXProject section */

/* Begin PBXResourcesBuildPhase section */
		B264F8C62938288B00E94F9D /* Resources */ = {
			isa = PBXResourcesBuildPhase;
			buildActionMask = 2147483647;
			files = (
				B264F8D32938288D00E94F9D /* Preview Assets.xcassets in Resources */,
				B264F8D02938288D00E94F9D /* Assets.xcassets in Resources */,
				B29CDEC52939581A002A6013 /* GoogleService-Info.plist in Resources */,
			);
			runOnlyForDeploymentPostprocessing = 0;
		};
		B29CDECF293AD2DC002A6013 /* Resources */ = {
			isa = PBXResourcesBuildPhase;
			buildActionMask = 2147483647;
			files = (
				B29CDEDA293AD2DD002A6013 /* MainInterface.storyboard in Resources */,
			);
			runOnlyForDeploymentPostprocessing = 0;
		};
/* End PBXResourcesBuildPhase section */

/* Begin PBXSourcesBuildPhase section */
		B264F8C42938288B00E94F9D /* Sources */ = {
			isa = PBXSourcesBuildPhase;
			buildActionMask = 2147483647;
			files = (
				B264F8DB29382B5C00E94F9D /* TitleRow .swift in Sources */,
				B264F8DE29383AD700E94F9D /* Message.swift in Sources */,
				B264F8E029383B7F00E94F9D /* MessageBubble.swift in Sources */,
				B29CDECC293AAB87002A6013 /* MessagesManager.swift in Sources */,
				B29CDEC329394BAF002A6013 /* MessageField.swift in Sources */,
				B264F8E22938490100E94F9D /* Extentions .swift in Sources */,
				B264F8CE2938288B00E94F9D /* ContentView.swift in Sources */,
				B264F8CC2938288B00E94F9D /* cisc_225_awedchatApp.swift in Sources */,
			);
			runOnlyForDeploymentPostprocessing = 0;
		};
		B29CDECD293AD2DC002A6013 /* Sources */ = {
			isa = PBXSourcesBuildPhase;
			buildActionMask = 2147483647;
			files = (
				B29CDED7293AD2DD002A6013 /* AccountAuthenticationModificationViewController.swift in Sources */,
			);
			runOnlyForDeploymentPostprocessing = 0;
		};
/* End PBXSourcesBuildPhase section */

/* Begin PBXTargetDependency section */
		B29CDEDD293AD2DD002A6013 /* PBXTargetDependency */ = {
			isa = PBXTargetDependency;
			target = B29CDED0293AD2DC002A6013 /* awedchat */;
			targetProxy = B29CDEDC293AD2DD002A6013 /* PBXContainerItemProxy */;
		};
/* End PBXTargetDependency section */

/* Begin PBXVariantGroup section */
		B29CDED8293AD2DD002A6013 /* MainInterface.storyboard */ = {
			isa = PBXVariantGroup;
			children = (
				B29CDED9293AD2DD002A6013 /* Base */,
			);
			name = MainInterface.storyboard;
			sourceTree = "<group>";
		};
/* End PBXVariantGroup section */

/* Begin XCBuildConfiguration section */
		B264F8D42938288D00E94F9D /* Debug */ = {
			isa = XCBuildConfiguration;
			buildSettings = {
				ALWAYS_SEARCH_USER_PATHS = NO;
				CLANG_ANALYZER_NONNULL = YES;
				CLANG_ANALYZER_NUMBER_OBJECT_CONVERSION = YES_AGGRESSIVE;
				CLANG_CXX_LANGUAGE_STANDARD = "gnu++20";
				CLANG_ENABLE_MODULES = YES;
				CLANG_ENABLE_OBJC_ARC = YES;
				CLANG_ENABLE_OBJC_WEAK = YES;
				CLANG_WARN_BLOCK_CAPTURE_AUTORELEASING = YES;
				CLANG_WARN_BOOL_CONVERSION = YES;
				CLANG_WARN_COMMA = YES;
				CLANG_WARN_CONSTANT_CONVERSION = YES;
				CLANG_WARN_DEPRECATED_OBJC_IMPLEMENTATIONS = YES;
				CLANG_WARN_DIRECT_OBJC_ISA_USAGE = YES_ERROR;
				CLANG_WARN_DOCUMENTATION_COMMENTS = YES;
				CLANG_WARN_EMPTY_BODY = YES;
				CLANG_WARN_ENUM_CONVERSION = YES;
				CLANG_WARN_INFINITE_RECURSION = YES;
				CLANG_WARN_INT_CONVERSION = YES;
				CLANG_WARN_NON_LITERAL_NULL_CONVERSION = YES;
				CLANG_WARN_OBJC_IMPLICIT_RETAIN_SELF = YES;
				CLANG_WARN_OBJC_LITERAL_CONVERSION = YES;
				CLANG_WARN_OBJC_ROOT_CLASS = YES_ERROR;
				CLANG_WARN_QUOTED_INCLUDE_IN_FRAMEWORK_HEADER = YES;
				CLANG_WARN_RANGE_LOOP_ANALYSIS = YES;
				CLANG_WARN_STRICT_PROTOTYPES = YES;
				CLANG_WARN_SUSPICIOUS_MOVE = YES;
				CLANG_WARN_UNGUARDED_AVAILABILITY = YES_AGGRESSIVE;
				CLANG_WARN_UNREACHABLE_CODE = YES;
				CLANG_WARN__DUPLICATE_METHOD_MATCH = YES;
				COPY_PHASE_STRIP = NO;
				DEBUG_INFORMATION_FORMAT = dwarf;
				ENABLE_STRICT_OBJC_MSGSEND = YES;
				ENABLE_TESTABILITY = YES;
				GCC_C_LANGUAGE_STANDARD = gnu11;
				GCC_DYNAMIC_NO_PIC = NO;
				GCC_NO_COMMON_BLOCKS = YES;
				GCC_OPTIMIZATION_LEVEL = 0;
				GCC_PREPROCESSOR_DEFINITIONS = (
					"DEBUG=1",
					"$(inherited)",
				);
				GCC_WARN_64_TO_32_BIT_CONVERSION = YES;
				GCC_WARN_ABOUT_RETURN_TYPE = YES_ERROR;
				GCC_WARN_UNDECLARED_SELECTOR = YES;
				GCC_WARN_UNINITIALIZED_AUTOS = YES_AGGRESSIVE;
				GCC_WARN_UNUSED_FUNCTION = YES;
				GCC_WARN_UNUSED_VARIABLE = YES;
				IPHONEOS_DEPLOYMENT_TARGET = 16.1;
				MTL_ENABLE_DEBUG_INFO = INCLUDE_SOURCE;
				MTL_FAST_MATH = YES;
				ONLY_ACTIVE_ARCH = YES;
				SDKROOT = iphoneos;
				SWIFT_ACTIVE_COMPILATION_CONDITIONS = DEBUG;
				SWIFT_OPTIMIZATION_LEVEL = "-Onone";
			};
			name = Debug;
		};
		B264F8D52938288D00E94F9D /* Release */ = {
			isa = XCBuildConfiguration;
			buildSettings = {
				ALWAYS_SEARCH_USER_PATHS = NO;
				CLANG_ANALYZER_NONNULL = YES;
				CLANG_ANALYZER_NUMBER_OBJECT_CONVERSION = YES_AGGRESSIVE;
				CLANG_CXX_LANGUAGE_STANDARD = "gnu++20";
				CLANG_ENABLE_MODULES = YES;
				CLANG_ENABLE_OBJC_ARC = YES;
				CLANG_ENABLE_OBJC_WEAK = YES;
				CLANG_WARN_BLOCK_CAPTURE_AUTORELEASING = YES;
				CLANG_WARN_BOOL_CONVERSION = YES;
				CLANG_WARN_COMMA = YES;
				CLANG_WARN_CONSTANT_CONVERSION = YES;
				CLANG_WARN_DEPRECATED_OBJC_IMPLEMENTATIONS = YES;
				CLANG_WARN_DIRECT_OBJC_ISA_USAGE = YES_ERROR;
				CLANG_WARN_DOCUMENTATION_COMMENTS = YES;
				CLANG_WARN_EMPTY_BODY = YES;
				CLANG_WARN_ENUM_CONVERSION = YES;
				CLANG_WARN_INFINITE_RECURSION = YES;
				CLANG_WARN_INT_CONVERSION = YES;
				CLANG_WARN_NON_LITERAL_NULL_CONVERSION = YES;
				CLANG_WARN_OBJC_IMPLICIT_RETAIN_SELF = YES;
				CLANG_WARN_OBJC_LITERAL_CONVERSION = YES;
				CLANG_WARN_OBJC_ROOT_CLASS = YES_ERROR;
				CLANG_WARN_QUOTED_INCLUDE_IN_FRAMEWORK_HEADER = YES;
				CLANG_WARN_RANGE_LOOP_ANALYSIS = YES;
				CLANG_WARN_STRICT_PROTOTYPES = YES;
				CLANG_WARN_SUSPICIOUS_MOVE = YES;
				CLANG_WARN_UNGUARDED_AVAILABILITY = YES_AGGRESSIVE;
				CLANG_WARN_UNREACHABLE_CODE = YES;
				CLANG_WARN__DUPLICATE_METHOD_MATCH = YES;
				COPY_PHASE_STRIP = NO;
				DEBUG_INFORMATION_FORMAT = "dwarf-with-dsym";
				ENABLE_NS_ASSERTIONS = NO;
				ENABLE_STRICT_OBJC_MSGSEND = YES;
				GCC_C_LANGUAGE_STANDARD = gnu11;
				GCC_NO_COMMON_BLOCKS = YES;
				GCC_WARN_64_TO_32_BIT_CONVERSION = YES;
				GCC_WARN_ABOUT_RETURN_TYPE = YES_ERROR;
				GCC_WARN_UNDECLARED_SELECTOR = YES;
				GCC_WARN_UNINITIALIZED_AUTOS = YES_AGGRESSIVE;
				GCC_WARN_UNUSED_FUNCTION = YES;
				GCC_WARN_UNUSED_VARIABLE = YES;
				IPHONEOS_DEPLOYMENT_TARGET = 16.1;
				MTL_ENABLE_DEBUG_INFO = NO;
				MTL_FAST_MATH = YES;
				SDKROOT = iphoneos;
				SWIFT_COMPILATION_MODE = wholemodule;
				SWIFT_OPTIMIZATION_LEVEL = "-O";
				VALIDATE_PRODUCT = YES;
			};
			name = Release;
		};
		B264F8D72938288D00E94F9D /* Debug */ = {
			isa = XCBuildConfiguration;
			buildSettings = {
				ALWAYS_EMBED_SWIFT_STANDARD_LIBRARIES = YES;
				ASSETCATALOG_COMPILER_APPICON_NAME = AppIcon;
				ASSETCATALOG_COMPILER_GLOBAL_ACCENT_COLOR_NAME = AccentColor;
				CODE_SIGN_STYLE = Automatic;
				CURRENT_PROJECT_VERSION = 1;
				DEVELOPMENT_ASSET_PATHS = "\"cisc_225_awedchat/Preview Content\"";
				DEVELOPMENT_TEAM = 8K4L46874Z;
				ENABLE_PREVIEWS = YES;
				GENERATE_INFOPLIST_FILE = YES;
				INFOPLIST_KEY_CFBundleDisplayName = AwedChat;
				INFOPLIST_KEY_UIApplicationSceneManifest_Generation = YES;
				INFOPLIST_KEY_UIApplicationSupportsIndirectInputEvents = YES;
				INFOPLIST_KEY_UILaunchScreen_Generation = YES;
				INFOPLIST_KEY_UISupportedInterfaceOrientations = UIInterfaceOrientationPortrait;
				LD_RUNPATH_SEARCH_PATHS = (
					"$(inherited)",
					"@executable_path/Frameworks",
				);
				MARKETING_VERSION = 1.0;
				PRODUCT_BUNDLE_IDENTIFIER = "Awet.fun.cisc-225-awedchat";
				PRODUCT_NAME = "$(TARGET_NAME)";
				SWIFT_EMIT_LOC_STRINGS = YES;
				SWIFT_VERSION = 5.0;
				TARGETED_DEVICE_FAMILY = "1,2";
			};
			name = Debug;
		};
		B264F8D82938288D00E94F9D /* Release */ = {
			isa = XCBuildConfiguration;
			buildSettings = {
				ALWAYS_EMBED_SWIFT_STANDARD_LIBRARIES = YES;
				ASSETCATALOG_COMPILER_APPICON_NAME = AppIcon;
				ASSETCATALOG_COMPILER_GLOBAL_ACCENT_COLOR_NAME = AccentColor;
				CODE_SIGN_STYLE = Automatic;
				CURRENT_PROJECT_VERSION = 1;
				DEVELOPMENT_ASSET_PATHS = "\"cisc_225_awedchat/Preview Content\"";
				DEVELOPMENT_TEAM = 8K4L46874Z;
				ENABLE_PREVIEWS = YES;
				GENERATE_INFOPLIST_FILE = YES;
				INFOPLIST_KEY_CFBundleDisplayName = AwedChat;
				INFOPLIST_KEY_UIApplicationSceneManifest_Generation = YES;
				INFOPLIST_KEY_UIApplicationSupportsIndirectInputEvents = YES;
				INFOPLIST_KEY_UILaunchScreen_Generation = YES;
				INFOPLIST_KEY_UISupportedInterfaceOrientations = UIInterfaceOrientationPortrait;
				LD_RUNPATH_SEARCH_PATHS = (
					"$(inherited)",
					"@executable_path/Frameworks",
				);
				MARKETING_VERSION = 1.0;
				PRODUCT_BUNDLE_IDENTIFIER = "Awet.fun.cisc-225-awedchat";
				PRODUCT_NAME = "$(TARGET_NAME)";
				SWIFT_EMIT_LOC_STRINGS = YES;
				SWIFT_VERSION = 5.0;
				TARGETED_DEVICE_FAMILY = "1,2";
			};
			name = Release;
		};
		B29CDEE0293AD2DD002A6013 /* Debug */ = {
			isa = XCBuildConfiguration;
			buildSettings = {
				CODE_SIGN_ENTITLEMENTS = awedchat/awedchat.entitlements;
				CODE_SIGN_STYLE = Automatic;
				CURRENT_PROJECT_VERSION = 1;
				DEVELOPMENT_TEAM = 8K4L46874Z;
				GENERATE_INFOPLIST_FILE = YES;
				INFOPLIST_FILE = awedchat/Info.plist;
				INFOPLIST_KEY_CFBundleDisplayName = awedchat;
				INFOPLIST_KEY_NSHumanReadableCopyright = "";
				LD_RUNPATH_SEARCH_PATHS = (
					"$(inherited)",
					"@executable_path/Frameworks",
					"@executable_path/../../Frameworks",
				);
				MARKETING_VERSION = 1.0;
				PRODUCT_BUNDLE_IDENTIFIER = "Awet.fun.cisc-225-awedchat.awedchat";
				PRODUCT_NAME = "$(TARGET_NAME)";
				SKIP_INSTALL = YES;
				SUPPORTS_MACCATALYST = YES;
				SWIFT_EMIT_LOC_STRINGS = YES;
				SWIFT_VERSION = 5.0;
				TARGETED_DEVICE_FAMILY = "1,2";
			};
			name = Debug;
		};
		B29CDEE1293AD2DD002A6013 /* Release */ = {
			isa = XCBuildConfiguration;
			buildSettings = {
				CODE_SIGN_ENTITLEMENTS = awedchat/awedchat.entitlements;
				CODE_SIGN_STYLE = Automatic;
				CURRENT_PROJECT_VERSION = 1;
				DEVELOPMENT_TEAM = 8K4L46874Z;
				GENERATE_INFOPLIST_FILE = YES;
				INFOPLIST_FILE = awedchat/Info.plist;
				INFOPLIST_KEY_CFBundleDisplayName = awedchat;
				INFOPLIST_KEY_NSHumanReadableCopyright = "";
				LD_RUNPATH_SEARCH_PATHS = (
					"$(inherited)",
					"@executable_path/Frameworks",
					"@executable_path/../../Frameworks",
				);
				MARKETING_VERSION = 1.0;
				PRODUCT_BUNDLE_IDENTIFIER = "Awet.fun.cisc-225-awedchat.awedchat";
				PRODUCT_NAME = "$(TARGET_NAME)";
				SKIP_INSTALL = YES;
				SUPPORTS_MACCATALYST = YES;
				SWIFT_EMIT_LOC_STRINGS = YES;
				SWIFT_VERSION = 5.0;
				TARGETED_DEVICE_FAMILY = "1,2";
			};
			name = Release;
		};
/* End XCBuildConfiguration section */

/* Begin XCConfigurationList section */
		B264F8C32938288B00E94F9D /* Build configuration list for PBXProject "cisc_225_awedchat" */ = {
			isa = XCConfigurationList;
			buildConfigurations = (
				B264F8D42938288D00E94F9D /* Debug */,
				B264F8D52938288D00E94F9D /* Release */,
			);
			defaultConfigurationIsVisible = 0;
			defaultConfigurationName = Release;
		};
		B264F8D62938288D00E94F9D /* Build configuration list for PBXNativeTarget "cisc_225_awedchat" */ = {
			isa = XCConfigurationList;
			buildConfigurations = (
				B264F8D72938288D00E94F9D /* Debug */,
				B264F8D82938288D00E94F9D /* Release */,
			);
			defaultConfigurationIsVisible = 0;
			defaultConfigurationName = Release;
		};
		B29CDEDF293AD2DD002A6013 /* Build configuration list for PBXNativeTarget "awedchat" */ = {
			isa = XCConfigurationList;
			buildConfigurations = (
				B29CDEE0293AD2DD002A6013 /* Debug */,
				B29CDEE1293AD2DD002A6013 /* Release */,
			);
			defaultConfigurationIsVisible = 0;
			defaultConfigurationName = Release;
		};
/* End XCConfigurationList section */

/* Begin XCRemoteSwiftPackageReference section */
		B29CDEC629395987002A6013 /* XCRemoteSwiftPackageReference "firebase-ios-sdk" */ = {
			isa = XCRemoteSwiftPackageReference;
			repositoryURL = "https://github.com/firebase/firebase-ios-sdk";
			requirement = {
				kind = upToNextMajorVersion;
				minimumVersion = 9.0.0;
			};
		};
/* End XCRemoteSwiftPackageReference section */

/* Begin XCSwiftPackageProductDependency section */
		B29CDEC729395987002A6013 /* FirebaseFirestore */ = {
			isa = XCSwiftPackageProductDependency;
			package = B29CDEC629395987002A6013 /* XCRemoteSwiftPackageReference "firebase-ios-sdk" */;
			productName = FirebaseFirestore;
		};
		B29CDEC929395987002A6013 /* FirebaseFirestoreSwift */ = {
			isa = XCSwiftPackageProductDependency;
			package = B29CDEC629395987002A6013 /* XCRemoteSwiftPackageReference "firebase-ios-sdk" */;
			productName = FirebaseFirestoreSwift;
		};
/* End XCSwiftPackageProductDependency section */
	};
	rootObject = B264F8C02938288B00E94F9D /* Project object */;
}
